github.com/machinebox/graphql v0.2.2 h1:dWKpJligYKhYKO5A2gvNhkJdQMNZeChZYyBbrZkBZfo=
github.com/machinebox/graphql v0.2.2/go.mod h1:F+kbVMHuwrQ5tYgU9JXlnskM8nOaFxCAEolaQybkjWA=
github.com/mattn/go-colorable v0.1.4 h1:snbPLB8fVfU9iwbbo30TPtbLRzwWu6aJS6Xh4eaaviA=
github.com/mattn/go-colorable v0.1.4/go.mod h1:U0ppj6V5qS13XJ6of8GYAs25YV2eR4EVcfRqFIhoBtE=
github.com/mattn/go-isatty v0.0.8 h1:HLtExJ+uU2HOZ+wI0Tt5DtUDrx8yhUqDcp7fYERX4CE=
github.com/mattn/go-isatty v0.0.8/go.mod h1:Iq45c/XA43vh69/j3iqttzPXn0bhXyGjM0Hdxcsrc5s=
github.com/pkg/errors v0.9.1 h1:FEBLx1zS214owpjy7qsBeixbURkuhQAwrK5UwLGTwt4=
github.com/pkg/errors v0.9.1/go.mod h1:bwawxfHBFNV+L2hUp1rHADufV3IMtnDRdf1r5NINEl0=
github.com/superloach/minori v0.0.0-20200401022729-31f6f02808bc h1:ZcXk0X/7Hro//sc+qQEdIGtUu+loHYZa9sGSseAXp7c=
github.com/superloach/minori v0.0.0-20200401022729-31f6f02808bc/go.mod h1:O48Bj7ZzDMW6lvzGwPhgq7j3fUZJPsdnDZ6UGeRy1Qc=
golang.org/x/sys v0.0.0-20190222072716-a9d3bda3a223 h1:DH4skfRX4EBpamg7iV4ZlCpblAHI6s6TDM39bFZumv8=
golang.org/x/sys v0.0.0-20190222072716-a9d3bda3a223/go.mod h1:STP8DvDyc/dI5b8T5hshtkjS+E42TnysNCUPdjciGhY=
